# This file is generated by running "yarn install" inside your project.
# Manual changes might be lost - proceed with caution!

__metadata:
  version: 4

"event-server@workspace:web/event-server":
  version: 0.0.0-use.local
  resolution: "event-server@workspace:web/event-server"
  languageName: unknown
  linkType: soft

"myugahacks@workspace:web/myugahacks":
  version: 0.0.0-use.local
  resolution: "myugahacks@workspace:web/myugahacks"
  languageName: unknown
  linkType: soft

"ugahacks-6@workspace:web/ugahacks-6":
  version: 0.0.0-use.local
  resolution: "ugahacks-6@workspace:web/ugahacks-6"
  languageName: unknown
  linkType: soft

"ugahacks-7@workspace:web/ugahacks-7":
  version: 0.0.0-use.local
  resolution: "ugahacks-7@workspace:web/ugahacks-7"
  languageName: unknown
  linkType: soft

"ugahacks-org@workspace:web/ugahacks-org":
  version: 0.0.0-use.local
  resolution: "ugahacks-org@workspace:web/ugahacks-org"
  languageName: unknown
  linkType: soft

"ugahacks@workspace:.":
  version: 0.0.0-use.local
  resolution: "ugahacks@workspace:."
  languageName: unknown
  linkType: soft
