# This file is generated by running "yarn install" inside your project.
# Manual changes might be lost - proceed with caution!

__metadata:
  version: 4
  cacheKey: 7

"@types/body-parser@npm:*":
  version: 1.19.1
  resolution: "@types/body-parser@npm:1.19.1"
  dependencies:
    "@types/connect": "*"
    "@types/node": "*"
  checksum: abbebf715ffda345ee9ffc53f4fdad033b63cffcae1e22ffe58c6c8dc251f4879efd6d06714171c106ea89ad3175d9d70021fdc470bf1f0234eb334f3922770e
  languageName: node
  linkType: hard

"@types/connect@npm:*":
  version: 3.4.35
  resolution: "@types/connect@npm:3.4.35"
  dependencies:
    "@types/node": "*"
  checksum: 4b04cae4bc8e0d0637240b0303e5e6c5a081f85873bb338a02dae95bdfcad5c178be03e41d47f8194675cea0c67ffbfce1530b6633040b908d20139745cb338f
  languageName: node
  linkType: hard

"@types/express-serve-static-core@npm:^4.17.18":
  version: 4.17.24
  resolution: "@types/express-serve-static-core@npm:4.17.24"
  dependencies:
    "@types/node": "*"
    "@types/qs": "*"
    "@types/range-parser": "*"
  checksum: 30fc9b62a7cc52fa320fbdf11510b20d91c1aa55d99d90ecb51708b9178aa670f2aaa94eed01f68a96a1a80b3575f1143c0cb23b0e69d60070d6d6d42e40b62a
  languageName: node
  linkType: hard

"@types/express@npm:^4.17.13":
  version: 4.17.13
  resolution: "@types/express@npm:4.17.13"
  dependencies:
    "@types/body-parser": "*"
    "@types/express-serve-static-core": ^4.17.18
    "@types/qs": "*"
    "@types/serve-static": "*"
  checksum: 9f17da703df21e3f1cee2fe1864b9fcac2ab07c37382b972a194a3a484b41c1fbe4022b6cfe546f0171fd2d93b324dd3839512494f4cba639c2afa021e6dbb12
  languageName: node
  linkType: hard

"@types/mime@npm:^1":
  version: 1.3.2
  resolution: "@types/mime@npm:1.3.2"
  checksum: c354bc135628c2f4ab64801ca3867c3acbd4050611579c4c9f5bdfecfb70db71bb8540bf8611b4319f5ef44139c5f7c5af81254369add5ed59e7e02ce929b96f
  languageName: node
  linkType: hard

"@types/node@npm:*":
  version: 16.3.3
  resolution: "@types/node@npm:16.3.3"
  checksum: e597a54070815170d8f541c778900023f2522c27be9c56b2b8411d663da1ef5226f9d16ec158c5d9c84ddcc85551e3d02aa68046aa108b4c6085bc7c95a5bebb
  languageName: node
  linkType: hard

"@types/qs@npm:*":
  version: 6.9.7
  resolution: "@types/qs@npm:6.9.7"
  checksum: ee2cd0bd1eda38bcf868bb1aebb99401eb05641fff29f910c1c8316718e4d3b26c403594a62d694145684643a5d2e4dfc4b9860630c412651d37ff97571de8b0
  languageName: node
  linkType: hard

"@types/range-parser@npm:*":
  version: 1.2.4
  resolution: "@types/range-parser@npm:1.2.4"
  checksum: 5c1bd5062116957837a5315c442422889eb2dc1eb5cc926e4ac788926b7c28363b0bf7564e36691108b7da8f7615826f9ac5bbe995b225d17b2a5cb998d69da9
  languageName: node
  linkType: hard

"@types/serve-static@npm:*":
  version: 1.13.10
  resolution: "@types/serve-static@npm:1.13.10"
  dependencies:
    "@types/mime": ^1
    "@types/node": "*"
  checksum: 3ee9adfd05f8b2af942e26afe9ff3993e723e1af70718aa8c2b1c0f72fe5f45be69ac20aa7ee5859d1c18f2397d5fcf4eafcb30890d88e6836a98aa7a3adb6c3
  languageName: node
  linkType: hard

"accepts@npm:~1.3.7":
  version: 1.3.7
  resolution: "accepts@npm:1.3.7"
  dependencies:
    mime-types: ~2.1.24
    negotiator: 0.6.2
  checksum: 2686fa30dbc850db1bf458dc8171fba13c54ed6cb25f4298ec7c2f88b8dfc50351f25c40abe3a948e4ec7a0cc8ea83d1c55c2f73ffa612d18840a8778d4a2ee0
  languageName: node
  linkType: hard

"array-flatten@npm:1.1.1":
  version: 1.1.1
  resolution: "array-flatten@npm:1.1.1"
  checksum: de7a056451ff7891bb1bcda6ce2a50448ca70f63cd0fa7aa90430d288b6dc2931517b6853ce16c473a7f40fa6eaa874e20b6151616db93375471d1ffadfb1d3d
  languageName: node
  linkType: hard

"body-parser@npm:1.19.0":
  version: 1.19.0
  resolution: "body-parser@npm:1.19.0"
  dependencies:
    bytes: 3.1.0
    content-type: ~1.0.4
    debug: 2.6.9
    depd: ~1.1.2
    http-errors: 1.7.2
    iconv-lite: 0.4.24
    on-finished: ~2.3.0
    qs: 6.7.0
    raw-body: 2.4.0
    type-is: ~1.6.17
  checksum: 18c2a81df5eabc7e3541bc9ace394b88e6fbd390989b5e764ff34c3f9dbd097e19986c31baa9b855ec5c2cff2b79157449afb0cdfb97bb99c11d6239b2c47a34
  languageName: node
  linkType: hard

"bytes@npm:3.1.0":
  version: 3.1.0
  resolution: "bytes@npm:3.1.0"
  checksum: c3f64645ef37922c8194fef88a052de2a28101882dfdf8a225493888c4941a26ea15164957e7492e5c5e3a8e98ee6276f4834efacb68e2d8ad4d91f903250b6c
  languageName: node
  linkType: hard

"content-disposition@npm:0.5.3":
  version: 0.5.3
  resolution: "content-disposition@npm:0.5.3"
  dependencies:
    safe-buffer: 5.1.2
  checksum: 8f1f235c0423be68023df7f5a3948601d859ce44ee94e1d0fa2a97383bd469e789320b6ddf6f31b3620605c75cf771522df11386f51aff401e5d51b6ccfde3e2
  languageName: node
  linkType: hard

"content-type@npm:~1.0.4":
  version: 1.0.4
  resolution: "content-type@npm:1.0.4"
  checksum: ff6e19cbf281c23d5608723a6dc60ac97e2280bd4d21602511283112321e6c1555895e395555e367672b54a0f1585276284b7c3c8be313aca73902ac2f2609fd
  languageName: node
  linkType: hard

"cookie-signature@npm:1.0.6":
  version: 1.0.6
  resolution: "cookie-signature@npm:1.0.6"
  checksum: 305054e102eebd0a483c63aefdc3abf54a9471bed5eb12be56c0dcf35a94110b8a13139b27751ab07a5ef09e9f4190ee67f71e9d3acf1748e6e2f1aed338c987
  languageName: node
  linkType: hard

"cookie@npm:0.4.0":
  version: 0.4.0
  resolution: "cookie@npm:0.4.0"
  checksum: 7aaef4b642c533600fdd001d963a507dfcd814267503374e51d9743475d024feeff8b0b4ddd0777a25791a2efbdfd8bc4a0fe0696104efa195e8f8584807d410
  languageName: node
  linkType: hard

"debug@npm:2.6.9":
  version: 2.6.9
  resolution: "debug@npm:2.6.9"
  dependencies:
    ms: 2.0.0
  checksum: 559f44f98cf25e2ee489022aec173afbff746564cb108c4493becb95bc3c017a67bdaa25a0ff64801fd32c35051d00af0e56cc7f762ae2c3bc089496e5a1c31b
  languageName: node
  linkType: hard

"depd@npm:~1.1.2":
  version: 1.1.2
  resolution: "depd@npm:1.1.2"
  checksum: f45566ff7019a346852f095768a380778ed544de24e103b479fd5d3e61982d670efbb5234c09d0588d7fdb09c26c48283d7150e4be5e6ce5d3d37cd268d75c4d
  languageName: node
  linkType: hard

"destroy@npm:~1.0.4":
  version: 1.0.4
  resolution: "destroy@npm:1.0.4"
  checksum: 5a516fc5a8a8089eecdac11da2339353542be7a71102dc5a1372ef6161501bf5c1ee59ff9f8a3f5f14cc8c88594d606f855f816d46a228ee5e0e5cb2b543534b
  languageName: node
  linkType: hard

"ee-first@npm:1.1.1":
  version: 1.1.1
  resolution: "ee-first@npm:1.1.1"
  checksum: ba74f91398e3ee3b6d665b2f0d13ad6530e89a7e64ec886a6eec0602fb8a5a274652960e21bd5d4b42fdeb9017d873ff872f50342d38779e955285977edb337c
  languageName: node
  linkType: hard

"encodeurl@npm:~1.0.2":
  version: 1.0.2
  resolution: "encodeurl@npm:1.0.2"
  checksum: 6ee5fcbcd245d2a2b6bd6fe36b80f91e31ab46e29192c50af00e8f860c0c2310ebbdaae40257878fdce90b42abcb3526895c7c3a2e229461ed1f0d0b5a020fc8
  languageName: node
  linkType: hard

"escape-html@npm:~1.0.3":
  version: 1.0.3
  resolution: "escape-html@npm:1.0.3"
  checksum: 900a7f2b80b9f89c85b7a303d1b7a4d354b93e328871414f165f13c5c209a80eab787e3a63429e596877def69fe4dcb3d1b55af655207a901a9ec99f7f148743
  languageName: node
  linkType: hard

"etag@npm:~1.8.1":
  version: 1.8.1
  resolution: "etag@npm:1.8.1"
  checksum: f18341a3c12a554ec46c0d4756bc9cae177e92f25a4ebd9ceefebf0ee448b675972fc110879f22b1bf514174713921ae5de9ff77af2062d422b1085588465a57
  languageName: node
  linkType: hard

"event-server@workspace:web/event-server":
  version: 0.0.0-use.local
  resolution: "event-server@workspace:web/event-server"
  dependencies:
    "@types/express": ^4.17.13
    express: ^4.17.1
    typescript: ^4.3.5
  languageName: unknown
  linkType: soft

"express@npm:^4.17.1":
  version: 4.17.1
  resolution: "express@npm:4.17.1"
  dependencies:
    accepts: ~1.3.7
    array-flatten: 1.1.1
    body-parser: 1.19.0
    content-disposition: 0.5.3
    content-type: ~1.0.4
    cookie: 0.4.0
    cookie-signature: 1.0.6
    debug: 2.6.9
    depd: ~1.1.2
    encodeurl: ~1.0.2
    escape-html: ~1.0.3
    etag: ~1.8.1
    finalhandler: ~1.1.2
    fresh: 0.5.2
    merge-descriptors: 1.0.1
    methods: ~1.1.2
    on-finished: ~2.3.0
    parseurl: ~1.3.3
    path-to-regexp: 0.1.7
    proxy-addr: ~2.0.5
    qs: 6.7.0
    range-parser: ~1.2.1
    safe-buffer: 5.1.2
    send: 0.17.1
    serve-static: 1.14.1
    setprototypeof: 1.1.1
    statuses: ~1.5.0
    type-is: ~1.6.18
    utils-merge: 1.0.1
    vary: ~1.1.2
  checksum: c4b470d623152c148e874b08d4afc35ea9498547c31a6ff6dae767ae11e3a59508a299732e9f45bfa2885685fbe2b75ca360862977798dfcec28ff2a4260eab2
  languageName: node
  linkType: hard

"finalhandler@npm:~1.1.2":
  version: 1.1.2
  resolution: "finalhandler@npm:1.1.2"
  dependencies:
    debug: 2.6.9
    encodeurl: ~1.0.2
    escape-html: ~1.0.3
    on-finished: ~2.3.0
    parseurl: ~1.3.3
    statuses: ~1.5.0
    unpipe: ~1.0.0
  checksum: f2e5b6bfe2201f13e74408530a7f354b7846ab3e648b3dde4f8ed3b773c8a743c16b0f378cb5113df7fef84c5be364bb1a3655f0a75571f163c982289fbd9671
  languageName: node
  linkType: hard

"forwarded@npm:0.2.0":
  version: 0.2.0
  resolution: "forwarded@npm:0.2.0"
  checksum: 1e84548d8ffb072d7edd4c5375ce71e2631c28efcd1084c4578f1a71dd6c4b0d58a6ddcdc923514766030cf38068258971a919e91ffa472460ec0f6dac7209ea
  languageName: node
  linkType: hard

"fresh@npm:0.5.2":
  version: 0.5.2
  resolution: "fresh@npm:0.5.2"
  checksum: 2f76c8505d1ea5a6d5accea3e7aff0b796bfa43364c84929254f33909fa08640948bd1728220d1ff5f4c2b378a65e97da647f2fe0f2b7ddb44001f6e0dc2e91f
  languageName: node
  linkType: hard

"http-errors@npm:1.7.2":
  version: 1.7.2
  resolution: "http-errors@npm:1.7.2"
  dependencies:
    depd: ~1.1.2
    inherits: 2.0.3
    setprototypeof: 1.1.1
    statuses: ">= 1.5.0 < 2"
    toidentifier: 1.0.0
  checksum: 8ce4a4af05a3652c81768a2754ced24b86ff62e7bee147a27b6ef8cde24e7a48f9fbfcb87ec6f67781879b95f1b35d3f8d6378e8555eb7d469ce875f4e184418
  languageName: node
  linkType: hard

"http-errors@npm:~1.7.2":
  version: 1.7.3
  resolution: "http-errors@npm:1.7.3"
  dependencies:
    depd: ~1.1.2
    inherits: 2.0.4
    setprototypeof: 1.1.1
    statuses: ">= 1.5.0 < 2"
    toidentifier: 1.0.0
  checksum: 563ae4a3f19c89029212922bade6ffcd0e4b7fa52e539f08c8f6941de7eaccb00bf76cb7692662192f2f0d567d4ac1f9d6a3d0ee70b166c8540cf791497f90ea
  languageName: node
  linkType: hard

"iconv-lite@npm:0.4.24":
  version: 0.4.24
  resolution: "iconv-lite@npm:0.4.24"
  dependencies:
    safer-buffer: ">= 2.1.2 < 3"
  checksum: a9b9521066ee81853a8561e92bd7240bc5d3b7d5ef7da807a475e7858b0246e318b6af518c30a20a8749ef5eafeaa9631079446e4e696c7b60f468b34dc2cbfc
  languageName: node
  linkType: hard

"inherits@npm:2.0.3":
  version: 2.0.3
  resolution: "inherits@npm:2.0.3"
  checksum: 9488f9433effbc24474f6baee8014e5337c7f99305ecb4204fa5864ae7655c24225780d87fc65ed8d3d374715a18c5dc8c69fe3bf9745cde2e7acd0ac068a07b
  languageName: node
  linkType: hard

"inherits@npm:2.0.4":
  version: 2.0.4
  resolution: "inherits@npm:2.0.4"
  checksum: 98426da247ddfc3dcd7d7daedd90c3ca32d5b08deca08949726f12d49232aef94772a07b36cf4ff833e105ae2ef931777f6de4a6dd8245a216b9299ad4a50bea
  languageName: node
  linkType: hard

"ipaddr.js@npm:1.9.1":
  version: 1.9.1
  resolution: "ipaddr.js@npm:1.9.1"
  checksum: de15bc7e63973d960abc43c9fbbf19589c726774f59d157d1b29382a1e86ae87c68cbd8b5c78a1712a87fc4fcd91e10762c7671950c66a1a19040ff4fd2f9c9b
  languageName: node
  linkType: hard

"media-typer@npm:0.3.0":
  version: 0.3.0
  resolution: "media-typer@npm:0.3.0"
  checksum: be1c825782df7f38eebd451d778f6407bb15a59c8807a69e7f2ad74a25440e474536441c6bf583fdf2803ea23b866e91ff68f565cda297211dd89147758c8df3
  languageName: node
  linkType: hard

"merge-descriptors@npm:1.0.1":
  version: 1.0.1
  resolution: "merge-descriptors@npm:1.0.1"
  checksum: 2d2a09eaac840a7ceac7a13b44b7c8abf3ecccd93a609c3525d8290cb5d814336cc7c0b1dd485ae3bc471ed354eeefb153475ce2e1604ccdf79eebe74021c192
  languageName: node
  linkType: hard

"methods@npm:~1.1.2":
  version: 1.1.2
  resolution: "methods@npm:1.1.2"
  checksum: 450e4ea0fd4a0f3de8c0593d753c7d6c8f2ee49766f5ef35c68cc2ac41699d5e295b7d6330fc2b7271b8569a07857e3eb0b5df0599a353c5808265b4b5066168
  languageName: node
  linkType: hard

"mime-db@npm:1.48.0":
  version: 1.48.0
  resolution: "mime-db@npm:1.48.0"
  checksum: 346d5df2ff2f501bdeff07e88a28d205f9cd27bccd3b8604847d3aee6ce73d4ecf88e943bbbce46c167d404487f46cdf09d57354c51b6f08a4d5833bcaafa59f
  languageName: node
  linkType: hard

"mime-types@npm:~2.1.24":
  version: 2.1.31
  resolution: "mime-types@npm:2.1.31"
  dependencies:
    mime-db: 1.48.0
  checksum: 0373e58e3826802e462cf0c180ca5556fd0990acaf123d421d5f8643f0ca61d2126ea57eb6f4ba96f9ef07d3e627c06261825418a6549b0671261cc1bb4219b4
  languageName: node
  linkType: hard

"mime@npm:1.6.0":
  version: 1.6.0
  resolution: "mime@npm:1.6.0"
  bin:
    mime: cli.js
  checksum: d540c24dd3e3a9e25e813714e55ff2f7841a3a1a47aed9786c508bd0251653d5e9abbfb1163c0c6e1be99f872d7fa1538c068bd6e306e9cb12dd9affa841a61e
  languageName: node
  linkType: hard

"ms@npm:2.0.0":
  version: 2.0.0
  resolution: "ms@npm:2.0.0"
  checksum: 1a230340cc7f322fbe916783d8c8d60455407c6b7fb7f901d6ee34eb272402302c5c7f070a97b8531245cbb4ca6a0a623f6a128d7e5a5440cefa2c669c0b35bb
  languageName: node
  linkType: hard

"ms@npm:2.1.1":
  version: 2.1.1
  resolution: "ms@npm:2.1.1"
  checksum: 81ad38c74df2473ce9fbed8bb71a00220c3d9e237ebd576306c9f6ca3221b251d602c7d199808944be1a3d7cda5883e72c77adb473734ba30f6e032165e05ebc
  languageName: node
  linkType: hard

"myugahacks@workspace:web/myugahacks":
  version: 0.0.0-use.local
  resolution: "myugahacks@workspace:web/myugahacks"
  languageName: unknown
  linkType: soft

"negotiator@npm:0.6.2":
  version: 0.6.2
  resolution: "negotiator@npm:0.6.2"
  checksum: 4b230bd15f0862d16c54ce0243fcfcf835ad59c8e58c467b4504dd28c9868cff71ff485b02cc575dc69dca819b58a1fadc9fb28403f45721f38a8fffde007d54
  languageName: node
  linkType: hard

"on-finished@npm:~2.3.0":
  version: 2.3.0
  resolution: "on-finished@npm:2.3.0"
  dependencies:
    ee-first: 1.1.1
  checksum: 362e64608287d31ffd96a15fb9305a410b3e4d07c86f277fae907e38af46bc6f5ff948de90eabb81dc5632ca7f9a290085acc5410c378053dfa9860451d97ee5
  languageName: node
  linkType: hard

"parseurl@npm:~1.3.3":
  version: 1.3.3
  resolution: "parseurl@npm:1.3.3"
  checksum: 52c9e86cb58e38b28f1a50a6354d16648974ab7a2b91b209f97102840471de8adf524427774af6d5bc482fb7c0a6af6ba08ab37de9a1a7ae389ebe074015914b
  languageName: node
  linkType: hard

"path-to-regexp@npm:0.1.7":
  version: 0.1.7
  resolution: "path-to-regexp@npm:0.1.7"
  checksum: 342fdb0ca48415d6eccdbe6d4180fd0fa4786ccc96ab3f74fcdf7acfc99e075af25e6077c8086c341dcfb4f5f84401ecd21e6cd7b24e0c3b556fb7ffb2570da7
  languageName: node
  linkType: hard

"proxy-addr@npm:~2.0.5":
  version: 2.0.7
  resolution: "proxy-addr@npm:2.0.7"
  dependencies:
    forwarded: 0.2.0
    ipaddr.js: 1.9.1
  checksum: ad78682246dc20ed6ca4080539349828bc2708cf0b69c55d6a3c41532780a8d05f563dcbac6ec4b74dce367421bff6fc4bc6b700b14319ecf57c93bd62727fc6
  languageName: node
  linkType: hard

"qs@npm:6.7.0":
  version: 6.7.0
  resolution: "qs@npm:6.7.0"
  checksum: 8590470436ff0a75ae35e6b45fd7260e2beb537ff8ec1104f9703a349b09ce1aa27e8e1c06b9ad25ac62fc098e12cc65df93042a233128a0276ccd6de4c7819a
  languageName: node
  linkType: hard

"range-parser@npm:~1.2.1":
  version: 1.2.1
  resolution: "range-parser@npm:1.2.1"
  checksum: 05074f5b23dbdc24acdae9821dd684fbc9c0d770cdaa4469ab529d8e0fc1338aa33561a4c7c14a1f9bdcb3b5e9a3770e5a80318258a72289a7ef05fcda72a707
  languageName: node
  linkType: hard

"raw-body@npm:2.4.0":
  version: 2.4.0
  resolution: "raw-body@npm:2.4.0"
  dependencies:
    bytes: 3.1.0
    http-errors: 1.7.2
    iconv-lite: 0.4.24
    unpipe: 1.0.0
  checksum: 46dc02f8b4f358786d41e18fb55533fbe4702d390e22bbe2b9c98c88dec41cab23ea2315f3ae0bf4bc0213a2872c89943d3df6857f4e21f996ea9d2d92f1bcaa
  languageName: node
  linkType: hard

"safe-buffer@npm:5.1.2":
  version: 5.1.2
  resolution: "safe-buffer@npm:5.1.2"
  checksum: 2708587c1b5e70a5e420714ceb59f30f5791c6e831d39812125a008eca63a4ac18578abd020a0776ea497ff03b4543f2b2a223a7b9073bf2d6c7af9ec6829218
  languageName: node
  linkType: hard

"safer-buffer@npm:>= 2.1.2 < 3":
  version: 2.1.2
  resolution: "safer-buffer@npm:2.1.2"
  checksum: 549ba83f5b314b59898efe3422120ce1ca7987a6eae5925a5fa5db930dc414d4a9dde0a5594f89638cd6ea60b6840ea961872908933ac2428d1726489db46fa5
  languageName: node
  linkType: hard

"send@npm:0.17.1":
  version: 0.17.1
  resolution: "send@npm:0.17.1"
  dependencies:
    debug: 2.6.9
    depd: ~1.1.2
    destroy: ~1.0.4
    encodeurl: ~1.0.2
    escape-html: ~1.0.3
    etag: ~1.8.1
    fresh: 0.5.2
    http-errors: ~1.7.2
    mime: 1.6.0
    ms: 2.1.1
    on-finished: ~2.3.0
    range-parser: ~1.2.1
    statuses: ~1.5.0
  checksum: 58e4ab2e07e8dfb206ca954a9b85f4e367aba0e4d59ce4c9c96a82034385b67f25d33ad526fdb69d635744bbe4d8afea06e2c0348d7d32920e3489d86dc3ec6f
  languageName: node
  linkType: hard

"serve-static@npm:1.14.1":
  version: 1.14.1
  resolution: "serve-static@npm:1.14.1"
  dependencies:
    encodeurl: ~1.0.2
    escape-html: ~1.0.3
    parseurl: ~1.3.3
    send: 0.17.1
  checksum: 97e8c94ec02950d019000ca12a8e0b4fdeaaabb7ae965c1c05557b55b48114716ae92688972a8d9f06a5e2d5957c305253a859ec223bb39a1e0732366d0e2768
  languageName: node
  linkType: hard

"setprototypeof@npm:1.1.1":
  version: 1.1.1
  resolution: "setprototypeof@npm:1.1.1"
  checksum: 0efed4da5aec7535828ac07c3b560f0a54257a4a7d5390ffabe5530a083974aef577651507974215edb92a51efa142f22fb3242e24d630ba6adcbfc9e7f1ff2b
  languageName: node
  linkType: hard

"statuses@npm:>= 1.5.0 < 2, statuses@npm:~1.5.0":
  version: 1.5.0
  resolution: "statuses@npm:1.5.0"
  checksum: 57735269bf231176a60deb80f6d60214cb4a87663b0937e79497afe9aebe2597f8377fd28893f4d1776205f18dd0b927774a26b72051411ac5108e9e2dfc77d2
  languageName: node
  linkType: hard

"toidentifier@npm:1.0.0":
  version: 1.0.0
  resolution: "toidentifier@npm:1.0.0"
  checksum: 95720e8a0f98f1525f50ccbecbc2a23f0a1b4e448de03819dbbeda03adf0d2010fe64525fbc9d549765242550d341bb891672e4ac0b2cac58613cdd742324255
  languageName: node
  linkType: hard

"type-is@npm:~1.6.17, type-is@npm:~1.6.18":
  version: 1.6.18
  resolution: "type-is@npm:1.6.18"
  dependencies:
    media-typer: 0.3.0
    mime-types: ~2.1.24
  checksum: 20a3514f1d835c979237995129d1f8c564325301e3a8f1c732bcbe1d7fa0ca1f65994e41a79e9030d79f31e5459bb9be5c377848fcb477cb3049a661b3713d74
  languageName: node
  linkType: hard

typescript@^4.3.5:
  version: 4.3.5
  resolution: "typescript@npm:4.3.5"
  bin:
    tsc: bin/tsc
    tsserver: bin/tsserver
  checksum: d9a8e78d72dd19896e6bfa73ab2a0fcea6eca2700d1d6e7c33f67a970af54a3e0fed8f715a8c4e6a0ff7fc0995067b394b2003518ab0aa84cd396377e54b760c
  languageName: node
  linkType: hard

"typescript@patch:typescript@^4.3.5#builtin<compat/typescript>":
  version: 4.3.5
  resolution: "typescript@patch:typescript@npm%3A4.3.5#builtin<compat/typescript>::version=4.3.5&hash=ddfc1b"
  bin:
    tsc: bin/tsc
    tsserver: bin/tsserver
  checksum: 7f0b8343f71ecac18095be1476b398aca420ab60dc207cc1efe078f381eef5527b80a518297720257114cdbda65612f8839e4b63e85dc95e67ac5cbbade8bdf0
  languageName: node
  linkType: hard

"ugahacks-6@workspace:web/ugahacks-6":
  version: 0.0.0-use.local
  resolution: "ugahacks-6@workspace:web/ugahacks-6"
  languageName: unknown
  linkType: soft

"ugahacks-7@workspace:web/ugahacks-7":
  version: 0.0.0-use.local
  resolution: "ugahacks-7@workspace:web/ugahacks-7"
  languageName: unknown
  linkType: soft

"ugahacks-org@workspace:web/ugahacks-org":
  version: 0.0.0-use.local
  resolution: "ugahacks-org@workspace:web/ugahacks-org"
  languageName: unknown
  linkType: soft

"ugahacks@workspace:.":
  version: 0.0.0-use.local
  resolution: "ugahacks@workspace:."
  languageName: unknown
  linkType: soft

"unpipe@npm:1.0.0, unpipe@npm:~1.0.0":
  version: 1.0.0
  resolution: "unpipe@npm:1.0.0"
  checksum: ba244e8bf640475b2143af95be5d71353cd4d238d63abf5dfe700c67841f066eb0819fc60dee7f2348ef647a5644a06ba024b9a0ab6d399fc07a05eb72a30ac7
  languageName: node
  linkType: hard

"utils-merge@npm:1.0.1":
  version: 1.0.1
  resolution: "utils-merge@npm:1.0.1"
  checksum: a457956ebc09efbda05da8bf213ab89140bb9dffa3c42b3315dd8fc3c45d67a1b802741f58b7bba4872113201fc275fc86470289d8bd32b74297b5e5b5980705
  languageName: node
  linkType: hard

"vary@npm:~1.1.2":
  version: 1.1.2
  resolution: "vary@npm:1.1.2"
  checksum: 591f059f727ac1ba0d97cb7767f8583a03fcbb07db7be2b7dce838ede520ec0e958a41cb19077054769077fdc49a9b9a2dc391c83426bfee89c054b8cc7404bf
  languageName: node
  linkType: hard
