{
  "name": "ugahacks-7",
  "version": "0.1.0",
  "lockfileVersion": 1,
  "requires": true,
  "dependencies": {
    "@babel/runtime": {
      "version": "7.15.3",
      "resolved": "https://nexus.core.cvent.org/nexus/repository/npm-public/@babel/runtime/-/runtime-7.15.3.tgz",
      "integrity": "sha512-OvwMLqNXkCXSz1kSm58sEsNuhqOx/fKpnUnKnFB5v8uDda5bLNEHNgKPvhDN6IU0LDcnHQ90LlJ0Q6jnyBSIBA==",
      "requires": {
        "regenerator-runtime": "^0.13.4"
      }
    },
    "@next-auth/prisma-legacy-adapter": {
      "version": "0.1.2",
      "resolved": "https://nexus.core.cvent.org/nexus/repository/npm-public/@next-auth/prisma-legacy-adapter/-/prisma-legacy-adapter-0.1.2.tgz",
      "integrity": "sha512-QpGcRvrnFERkvVFroqS89qDbnskw9AjhvWxO095u3xl/8QVI++Y+doluQdZWuV6PewjrV7xY+uVUEnRhnGM8yQ==",
      "requires": {
        "@babel/runtime": "^7.14.0"
      }
    },
    "@next-auth/typeorm-legacy-adapter": {
      "version": "0.1.4",
      "resolved": "https://nexus.core.cvent.org/nexus/repository/npm-public/@next-auth/typeorm-legacy-adapter/-/typeorm-legacy-adapter-0.1.4.tgz",
      "integrity": "sha512-UDnctrPiUU0yaPNeFhD6uw0FAuWGvx6IUVwUYTEzZm26RCEe/BBjkpGLYk43M3rcnkBPfkiljomAs/O7Uzh12w==",
      "requires": {
        "@babel/runtime": "^7.14.0",
        "require_optional": "^1.0.1",
        "typeorm": "^0.2.30"
      }
    },
    "@panva/asn1.js": {
      "version": "1.0.0",
      "resolved": "https://nexus.core.cvent.org/nexus/repository/npm-public/@panva/asn1.js/-/asn1.js-1.0.0.tgz",
      "integrity": "sha512-UdkG3mLEqXgnlKsWanWcgb6dOjUzJ+XC5f+aWw30qrtjxeNUSfKX1cd5FBzOaXQumoe9nIqeZUvrRJS03HCCtw=="
    },
    "@sqltools/formatter": {
      "version": "1.2.3",
      "resolved": "https://nexus.core.cvent.org/nexus/repository/npm-public/@sqltools/formatter/-/formatter-1.2.3.tgz",
      "integrity": "sha512-O3uyB/JbkAEMZaP3YqyHH7TMnex7tWyCbCI4EfJdOCoN6HIhqdJBWTM6aCCiWQ/5f5wxjgU735QAIpJbjDvmzg=="
    },
    "@types/zen-observable": {
      "version": "0.8.3",
      "resolved": "https://nexus.core.cvent.org/nexus/repository/npm-public/@types/zen-observable/-/zen-observable-0.8.3.tgz",
      "integrity": "sha512-fbF6oTd4sGGy0xjHPKAt+eS2CrxJ3+6gQ3FGcBoIJR2TLAyCkCyI8JqZNy+FeON0AhVgNJoUumVoZQjBFUqHkw=="
    },
    "ansi-regex": {
      "version": "5.0.0",
      "resolved": "https://nexus.core.cvent.org/nexus/repository/npm-public/ansi-regex/-/ansi-regex-5.0.0.tgz",
      "integrity": "sha512-bY6fj56OUQ0hU1KjFNDQuJFezqKdrAyFdIevADiqrWHwSlbmBNMHp5ak2f40Pm8JTFyM2mqxkG6ngkHO11f/lg=="
    },
    "ansi-styles": {
      "version": "4.3.0",
      "resolved": "https://nexus.core.cvent.org/nexus/repository/npm-public/ansi-styles/-/ansi-styles-4.3.0.tgz",
      "integrity": "sha512-zbB9rCJAT1rbjiVDb2hqKFHNYLxgtk8NURxZ3IZwD3F6NtxbXZQCnnSi1Lkx+IDohdPlFp222wVALIheZJQSEg==",
      "requires": {
        "color-convert": "^2.0.1"
      }
    },
    "any-promise": {
      "version": "1.3.0",
      "resolved": "https://nexus.core.cvent.org/nexus/repository/npm-public/any-promise/-/any-promise-1.3.0.tgz",
      "integrity": "sha1-q8av7tzqUugJzcA3au0845Y10X8="
    },
    "app-root-path": {
      "version": "3.0.0",
      "resolved": "https://nexus.core.cvent.org/nexus/repository/npm-public/app-root-path/-/app-root-path-3.0.0.tgz",
      "integrity": "sha512-qMcx+Gy2UZynHjOHOIXPNvpf+9cjvk3cWrBBK7zg4gH9+clobJRb9NGzcT7mQTcV/6Gm/1WelUtqxVXnNlrwcw=="
    },
    "argparse": {
      "version": "2.0.1",
      "resolved": "https://nexus.core.cvent.org/nexus/repository/npm-public/argparse/-/argparse-2.0.1.tgz",
      "integrity": "sha512-8+9WqebbFzpX9OR+Wa6O29asIogeRMzcGtAINdpMHHyAg10f05aSFVBbcEqGf/PXw1EjAZ+q2/bEBg3DvurK3Q=="
    },
    "balanced-match": {
      "version": "1.0.2",
      "resolved": "https://nexus.core.cvent.org/nexus/repository/npm-public/balanced-match/-/balanced-match-1.0.2.tgz",
      "integrity": "sha512-3oSeUO0TMV67hN1AmbXsK4yaqU7tjiHlbxRDZOpH0KW9+CeX4bRAaX0Anxt0tx2MrpRpWwQaPwIlISEJhYU5Pw=="
    },
    "base64-js": {
      "version": "1.5.1",
      "resolved": "https://nexus.core.cvent.org/nexus/repository/npm-public/base64-js/-/base64-js-1.5.1.tgz",
      "integrity": "sha512-AKpaYlHn8t4SVbOHCy+b5+KKgvR4vrsD8vbvrbiQJps7fKDTkjkDry6ji0rUJjC0kzbNePLwzxq8iypo41qeWA=="
    },
    "brace-expansion": {
      "version": "1.1.11",
      "resolved": "https://nexus.core.cvent.org/nexus/repository/npm-public/brace-expansion/-/brace-expansion-1.1.11.tgz",
      "integrity": "sha512-iCuPHDFgrHX7H2vEI/5xpz07zSHB00TpugqhmYtVmMO6518mCuRMoOYFldEBl0g187ufozdaHgWKcYFb61qGiA==",
      "requires": {
        "balanced-match": "^1.0.0",
        "concat-map": "0.0.1"
      }
    },
    "buffer": {
      "version": "6.0.3",
      "resolved": "https://nexus.core.cvent.org/nexus/repository/npm-public/buffer/-/buffer-6.0.3.tgz",
      "integrity": "sha512-FTiCpNxtwiZZHEZbcbTIcZjERVICn9yq/pDFkTl95/AxzD1naBctN7YO68riM/gLSDY7sdrMby8hofADYuuqOA==",
      "requires": {
        "base64-js": "^1.3.1",
        "ieee754": "^1.2.1"
      }
    },
    "buffer-equal-constant-time": {
      "version": "1.0.1",
      "resolved": "https://nexus.core.cvent.org/nexus/repository/npm-public/buffer-equal-constant-time/-/buffer-equal-constant-time-1.0.1.tgz",
      "integrity": "sha1-+OcRMvf/5uAaXJaXpMbz5I1cyBk="
    },
    "chalk": {
      "version": "4.1.2",
      "resolved": "https://nexus.core.cvent.org/nexus/repository/npm-public/chalk/-/chalk-4.1.2.tgz",
      "integrity": "sha512-oKnbhFyRIXpUuez8iBMmyEa4nbj4IOQyuhc/wy9kY7/WVPcwIO9VA668Pu8RkO7+0G76SLROeyw9CpQ061i4mA==",
      "requires": {
        "ansi-styles": "^4.1.0",
        "supports-color": "^7.1.0"
      }
    },
    "cli-highlight": {
      "version": "2.1.11",
      "resolved": "https://nexus.core.cvent.org/nexus/repository/npm-public/cli-highlight/-/cli-highlight-2.1.11.tgz",
      "integrity": "sha512-9KDcoEVwyUXrjcJNvHD0NFc/hiwe/WPVYIleQh2O1N2Zro5gWJZ/K+3DGn8w8P/F6FxOgzyC5bxDyHIgCSPhGg==",
      "requires": {
        "chalk": "^4.0.0",
        "highlight.js": "^10.7.1",
        "mz": "^2.4.0",
        "parse5": "^5.1.1",
        "parse5-htmlparser2-tree-adapter": "^6.0.0",
        "yargs": "^16.0.0"
      },
      "dependencies": {
        "yargs": {
          "version": "16.2.0",
          "resolved": "https://nexus.core.cvent.org/nexus/repository/npm-public/yargs/-/yargs-16.2.0.tgz",
          "integrity": "sha512-D1mvvtDG0L5ft/jGWkLpG1+m0eQxOfaBvTNELraWj22wSVUMWxZUvYgJYcKh6jGGIkJFhH4IZPQhR4TKpc8mBw==",
          "requires": {
            "cliui": "^7.0.2",
            "escalade": "^3.1.1",
            "get-caller-file": "^2.0.5",
            "require-directory": "^2.1.1",
            "string-width": "^4.2.0",
            "y18n": "^5.0.5",
            "yargs-parser": "^20.2.2"
          }
        }
      }
    },
    "cliui": {
      "version": "7.0.4",
      "resolved": "https://nexus.core.cvent.org/nexus/repository/npm-public/cliui/-/cliui-7.0.4.tgz",
      "integrity": "sha512-OcRE68cOsVMXp1Yvonl/fzkQOyjLSu/8bhPDfQt0e0/Eb283TKP20Fs2MqoPsr9SwA595rRCA+QMzYc9nBP+JQ==",
      "requires": {
        "string-width": "^4.2.0",
        "strip-ansi": "^6.0.0",
        "wrap-ansi": "^7.0.0"
      }
    },
    "color-convert": {
      "version": "2.0.1",
      "resolved": "https://nexus.core.cvent.org/nexus/repository/npm-public/color-convert/-/color-convert-2.0.1.tgz",
      "integrity": "sha512-RRECPsj7iu/xb5oKYcsFHSppFNnsj/52OVTRKb4zP5onXwVF3zVmmToNcOfGC+CRDpfK/U584fMg38ZHCaElKQ==",
      "requires": {
        "color-name": "~1.1.4"
      }
    },
    "color-name": {
      "version": "1.1.4",
      "resolved": "https://nexus.core.cvent.org/nexus/repository/npm-public/color-name/-/color-name-1.1.4.tgz",
      "integrity": "sha512-dOy+3AuW3a2wNbZHIuMZpTcgjGuLU/uBL/ubcZF9OXbDo8ff4O8yVp5Bf0efS8uEoYo5q4Fx7dY9OgQGXgAsQA=="
    },
    "concat-map": {
      "version": "0.0.1",
      "resolved": "https://nexus.core.cvent.org/nexus/repository/npm-public/concat-map/-/concat-map-0.0.1.tgz",
      "integrity": "sha1-2Klr13/Wjfd5OnMDajug1UBdR3s="
    },
    "debug": {
      "version": "4.3.2",
      "resolved": "https://nexus.core.cvent.org/nexus/repository/npm-public/debug/-/debug-4.3.2.tgz",
      "integrity": "sha512-mOp8wKcvj7XxC78zLgw/ZA+6TSgkoE2C/ienthhRD298T7UNwAg9diBpLRxC0mOezLl4B0xV7M0cCO6P/O0Xhw==",
      "requires": {
        "ms": "2.1.2"
      }
    },
    "dotenv": {
      "version": "8.6.0",
      "resolved": "https://nexus.core.cvent.org/nexus/repository/npm-public/dotenv/-/dotenv-8.6.0.tgz",
      "integrity": "sha512-IrPdXQsk2BbzvCBGBOTmmSH5SodmqZNt4ERAZDmW4CT+tL8VtvinqywuANaFu4bOMWki16nqf0e4oC0QIaDr/g=="
    },
    "ecdsa-sig-formatter": {
      "version": "1.0.11",
      "resolved": "https://nexus.core.cvent.org/nexus/repository/npm-public/ecdsa-sig-formatter/-/ecdsa-sig-formatter-1.0.11.tgz",
      "integrity": "sha512-nagl3RYrbNv6kQkeJIpt6NJZy8twLB/2vtz6yN9Z4vRKHN4/QZJIEbqohALSgwKdnksuY3k5Addp5lg8sVoVcQ==",
      "requires": {
        "safe-buffer": "^5.0.1"
      }
    },
    "emoji-regex": {
      "version": "8.0.0",
      "resolved": "https://nexus.core.cvent.org/nexus/repository/npm-public/emoji-regex/-/emoji-regex-8.0.0.tgz",
      "integrity": "sha512-MSjYzcWNOA0ewAHpz0MxpYFvwg6yjy1NG3xteoqz644VCo/RPgnr1/GGt+ic3iJTzQ8Eu3TdM14SawnVUmGE6A=="
    },
    "escalade": {
      "version": "3.1.1",
      "resolved": "https://nexus.core.cvent.org/nexus/repository/npm-public/escalade/-/escalade-3.1.1.tgz",
      "integrity": "sha512-k0er2gUkLf8O0zKJiAhmkTnJlTvINGv7ygDNPbeIsX/TJjGJZHuh9B2UxbsaEkmlEo9MfhrSzmhIlhRlI2GXnw=="
    },
    "escape-string-regexp": {
      "version": "1.0.5",
      "resolved": "https://nexus.core.cvent.org/nexus/repository/npm-public/escape-string-regexp/-/escape-string-regexp-1.0.5.tgz",
      "integrity": "sha1-G2HAViGQqN/2rjuyzwIAyhMLhtQ="
    },
    "figlet": {
      "version": "1.5.2",
      "resolved": "https://nexus.core.cvent.org/nexus/repository/npm-public/figlet/-/figlet-1.5.2.tgz",
      "integrity": "sha512-WOn21V8AhyE1QqVfPIVxe3tupJacq1xGkPTB4iagT6o+P2cAgEOOwIxMftr4+ZCTI6d551ij9j61DFr0nsP2uQ=="
    },
    "fs.realpath": {
      "version": "1.0.0",
      "resolved": "https://nexus.core.cvent.org/nexus/repository/npm-public/fs.realpath/-/fs.realpath-1.0.0.tgz",
      "integrity": "sha1-FQStJSMVjKpA20onh8sBQRmU6k8="
    },
    "futoin-hkdf": {
      "version": "1.4.2",
      "resolved": "https://nexus.core.cvent.org/nexus/repository/npm-public/futoin-hkdf/-/futoin-hkdf-1.4.2.tgz",
      "integrity": "sha512-2BggwLEJOTfXzKq4Tl2bIT37p0IqqKkblH4e0cMp2sXTdmwg/ADBKMxvxaEytYYcgdxgng8+acsi3WgMVUl6CQ=="
    },
    "get-caller-file": {
      "version": "2.0.5",
      "resolved": "https://nexus.core.cvent.org/nexus/repository/npm-public/get-caller-file/-/get-caller-file-2.0.5.tgz",
      "integrity": "sha512-DyFP3BM/3YHTQOCUL/w0OZHR0lpKeGrxotcHWcqNEdnltqFwXVfhEBQ94eIo34AfQpo0rGki4cyIiftY06h2Fg=="
    },
    "glob": {
      "version": "7.1.7",
      "resolved": "https://nexus.core.cvent.org/nexus/repository/npm-public/glob/-/glob-7.1.7.tgz",
      "integrity": "sha512-OvD9ENzPLbegENnYP5UUfJIirTg4+XwMWGaQfQTY0JenxNvvIKP3U3/tAQSPIu/lHxXYSZmpXlUHeqAIdKzBLQ==",
      "requires": {
        "fs.realpath": "^1.0.0",
        "inflight": "^1.0.4",
        "inherits": "2",
        "minimatch": "^3.0.4",
        "once": "^1.3.0",
        "path-is-absolute": "^1.0.0"
      }
    },
    "has-ansi": {
      "version": "2.0.0",
      "resolved": "https://nexus.core.cvent.org/nexus/repository/npm-public/has-ansi/-/has-ansi-2.0.0.tgz",
      "integrity": "sha1-NPUEnOHs3ysGSa8+8k5F7TVBbZE=",
      "requires": {
        "ansi-regex": "^2.0.0"
      },
      "dependencies": {
        "ansi-regex": {
          "version": "2.1.1",
          "resolved": "https://nexus.core.cvent.org/nexus/repository/npm-public/ansi-regex/-/ansi-regex-2.1.1.tgz",
          "integrity": "sha1-w7M6te42DYbg5ijwRorn7yfWVN8="
        }
      }
    },
    "has-flag": {
      "version": "4.0.0",
      "resolved": "https://nexus.core.cvent.org/nexus/repository/npm-public/has-flag/-/has-flag-4.0.0.tgz",
      "integrity": "sha512-EykJT/Q1KjTWctppgIAgfSO0tKVuZUjhgMr17kqTumMl6Afv3EISleU7qZUzoXDFTAHTDC4NOoG/ZxU3EvlMPQ=="
    },
    "highlight.js": {
      "version": "10.7.3",
      "resolved": "https://nexus.core.cvent.org/nexus/repository/npm-public/highlight.js/-/highlight.js-10.7.3.tgz",
      "integrity": "sha512-tzcUFauisWKNHaRkN4Wjl/ZA07gENAjFl3J/c480dprkGTg5EQstgaNFqBfUqCq54kZRIEcreTsAgF/m2quD7A=="
    },
    "ieee754": {
      "version": "1.2.1",
      "resolved": "https://nexus.core.cvent.org/nexus/repository/npm-public/ieee754/-/ieee754-1.2.1.tgz",
      "integrity": "sha512-dcyqhDvX1C46lXZcVqCpK+FtMRQVdIMN6/Df5js2zouUsqG7I6sFxitIC+7KYK29KdXOLHdu9zL4sFnoVQnqaA=="
    },
    "inflight": {
      "version": "1.0.6",
      "resolved": "https://nexus.core.cvent.org/nexus/repository/npm-public/inflight/-/inflight-1.0.6.tgz",
      "integrity": "sha1-Sb1jMdfQLQwJvJEKEHW6gWW1bfk=",
      "requires": {
        "once": "^1.3.0",
        "wrappy": "1"
      }
    },
    "inherits": {
      "version": "2.0.4",
      "resolved": "https://nexus.core.cvent.org/nexus/repository/npm-public/inherits/-/inherits-2.0.4.tgz",
      "integrity": "sha512-k/vGaX4/Yla3WzyMCvTQOXYeIHvqOKtnqBduzTHpzpQZzAskKMhZ2K+EnBiSM9zGSoIFeMpXKxa4dYeZIQqewQ=="
    },
    "is-fullwidth-code-point": {
      "version": "3.0.0",
      "resolved": "https://nexus.core.cvent.org/nexus/repository/npm-public/is-fullwidth-code-point/-/is-fullwidth-code-point-3.0.0.tgz",
      "integrity": "sha512-zymm5+u+sCsSWyD9qNaejV3DFvhCKclKdizYaJUuHA83RLjb7nSuGnddCHGv0hk+KY7BMAlsWeK4Ueg6EV6XQg=="
    },
    "jose": {
      "version": "1.28.1",
      "resolved": "https://nexus.core.cvent.org/nexus/repository/npm-public/jose/-/jose-1.28.1.tgz",
      "integrity": "sha512-6JK28rFu5ENp/yxMwM+iN7YeaInnY9B9Bggjkz5fuwLiJhbVrl2O4SJr65bdNBPl9y27fdC3Mymh+FVCvozLIg==",
      "requires": {
        "@panva/asn1.js": "^1.0.0"
      }
    },
    "js-yaml": {
      "version": "4.1.0",
      "resolved": "https://nexus.core.cvent.org/nexus/repository/npm-public/js-yaml/-/js-yaml-4.1.0.tgz",
      "integrity": "sha512-wpxZs9NoxZaJESJGIZTyDEaYpl0FKSA+FB9aJiyemKhMwkxQg63h4T1KJgUGHpTqPDNRcmmYLugrRjJlBtWvRA==",
      "requires": {
        "argparse": "^2.0.1"
      }
    },
    "jsonwebtoken": {
      "version": "8.5.1",
      "resolved": "https://nexus.core.cvent.org/nexus/repository/npm-public/jsonwebtoken/-/jsonwebtoken-8.5.1.tgz",
      "integrity": "sha512-XjwVfRS6jTMsqYs0EsuJ4LGxXV14zQybNd4L2r0UvbVnSF9Af8x7p5MzbJ90Ioz/9TI41/hTCvznF/loiSzn8w==",
      "requires": {
        "jws": "^3.2.2",
        "lodash.includes": "^4.3.0",
        "lodash.isboolean": "^3.0.3",
        "lodash.isinteger": "^4.0.4",
        "lodash.isnumber": "^3.0.3",
        "lodash.isplainobject": "^4.0.6",
        "lodash.isstring": "^4.0.1",
        "lodash.once": "^4.0.0",
        "ms": "^2.1.1",
        "semver": "^5.6.0"
      }
    },
    "jwa": {
      "version": "1.4.1",
      "resolved": "https://nexus.core.cvent.org/nexus/repository/npm-public/jwa/-/jwa-1.4.1.tgz",
      "integrity": "sha512-qiLX/xhEEFKUAJ6FiBMbes3w9ATzyk5W7Hvzpa/SLYdxNtng+gcurvrI7TbACjIXlsJyr05/S1oUhZrc63evQA==",
      "requires": {
        "buffer-equal-constant-time": "1.0.1",
        "ecdsa-sig-formatter": "1.0.11",
        "safe-buffer": "^5.0.1"
      }
    },
    "jws": {
      "version": "3.2.2",
      "resolved": "https://nexus.core.cvent.org/nexus/repository/npm-public/jws/-/jws-3.2.2.tgz",
      "integrity": "sha512-YHlZCB6lMTllWDtSPHz/ZXTsi8S00usEV6v1tjq8tOUZzw7DpSDWVXjXDre6ed1w/pd495ODpHZYSdkRTsa0HA==",
      "requires": {
        "jwa": "^1.4.1",
        "safe-buffer": "^5.0.1"
      }
    },
    "lodash.includes": {
      "version": "4.3.0",
      "resolved": "https://nexus.core.cvent.org/nexus/repository/npm-public/lodash.includes/-/lodash.includes-4.3.0.tgz",
      "integrity": "sha1-YLuYqHy5I8aMoeUTJUgzFISfVT8="
    },
    "lodash.isboolean": {
      "version": "3.0.3",
      "resolved": "https://nexus.core.cvent.org/nexus/repository/npm-public/lodash.isboolean/-/lodash.isboolean-3.0.3.tgz",
      "integrity": "sha1-bC4XHbKiV82WgC/UOwGyDV9YcPY="
    },
    "lodash.isinteger": {
      "version": "4.0.4",
      "resolved": "https://nexus.core.cvent.org/nexus/repository/npm-public/lodash.isinteger/-/lodash.isinteger-4.0.4.tgz",
      "integrity": "sha1-YZwK89A/iwTDH1iChAt3sRzWg0M="
    },
    "lodash.isnumber": {
      "version": "3.0.3",
      "resolved": "https://nexus.core.cvent.org/nexus/repository/npm-public/lodash.isnumber/-/lodash.isnumber-3.0.3.tgz",
      "integrity": "sha1-POdoEMWSjQM1IwGsKHMX8RwLH/w="
    },
    "lodash.isplainobject": {
      "version": "4.0.6",
      "resolved": "https://nexus.core.cvent.org/nexus/repository/npm-public/lodash.isplainobject/-/lodash.isplainobject-4.0.6.tgz",
      "integrity": "sha1-fFJqUtibRcRcxpC4gWO+BJf1UMs="
    },
    "lodash.isstring": {
      "version": "4.0.1",
      "resolved": "https://nexus.core.cvent.org/nexus/repository/npm-public/lodash.isstring/-/lodash.isstring-4.0.1.tgz",
      "integrity": "sha1-1SfftUVuynzJu5XV2ur4i6VKVFE="
    },
    "lodash.once": {
      "version": "4.1.1",
      "resolved": "https://nexus.core.cvent.org/nexus/repository/npm-public/lodash.once/-/lodash.once-4.1.1.tgz",
      "integrity": "sha1-DdOXEhPHxW34gJd9UEyI+0cal6w="
    },
    "minimatch": {
      "version": "3.0.4",
      "resolved": "https://nexus.core.cvent.org/nexus/repository/npm-public/minimatch/-/minimatch-3.0.4.tgz",
      "integrity": "sha512-yJHVQEhyqPLUTgt9B83PXu6W3rx4MvvHvSUvToogpwoGDOUQ+yDrR0HRot+yOCdCO7u4hX3pWft6kWBBcqh0UA==",
      "requires": {
        "brace-expansion": "^1.1.7"
      }
    },
    "mkdirp": {
      "version": "1.0.4",
      "resolved": "https://nexus.core.cvent.org/nexus/repository/npm-public/mkdirp/-/mkdirp-1.0.4.tgz",
      "integrity": "sha512-vVqVZQyf3WLx2Shd0qJ9xuvqgAyKPLAiqITEtqW0oIUjzo3PePDd6fW9iFz30ef7Ysp/oiWqbhszeGWW2T6Gzw=="
    },
    "ms": {
      "version": "2.1.2",
      "resolved": "https://nexus.core.cvent.org/nexus/repository/npm-public/ms/-/ms-2.1.2.tgz",
      "integrity": "sha512-sGkPx+VjMtmA6MX27oA4FBFELFCZZ4S4XqeGOXCv68tT+jb3vk/RyaKWP0PTKyWtmLSM0b+adUTEvbs1PEaH2w=="
    },
    "mz": {
      "version": "2.7.0",
      "resolved": "https://nexus.core.cvent.org/nexus/repository/npm-public/mz/-/mz-2.7.0.tgz",
      "integrity": "sha512-z81GNO7nnYMEhrGh9LeymoE4+Yr0Wn5McHIZMK5cfQCl+NDX08sCZgUc9/6MHni9IWuFLm1Z3HTCXu2z9fN62Q==",
      "requires": {
        "any-promise": "^1.0.0",
        "object-assign": "^4.0.1",
        "thenify-all": "^1.0.0"
      }
    },
    "next-auth": {
      "version": "3.29.0",
      "resolved": "https://nexus.core.cvent.org/nexus/repository/npm-public/next-auth/-/next-auth-3.29.0.tgz",
      "integrity": "sha512-B//4QTv/1Of0D+roZ82URmI6L2JSbkKgeaKI7Mdrioq8lAzp9ff8NdmouvZL/7zwrPe2cUyM6MLYlasfuI3ZIQ==",
      "requires": {
        "@babel/runtime": "^7.14.0",
        "@next-auth/prisma-legacy-adapter": "0.1.2",
        "@next-auth/typeorm-legacy-adapter": "0.1.4",
        "futoin-hkdf": "^1.3.2",
        "jose": "^1.27.2",
        "jsonwebtoken": "^8.5.1",
        "nodemailer": "^6.4.16",
        "oauth": "^0.9.15",
        "pkce-challenge": "^2.1.0",
        "preact": "^10.4.1",
        "preact-render-to-string": "^5.1.14",
        "querystring": "^0.2.0"
      }
    },
    "nodemailer": {
      "version": "6.6.3",
      "resolved": "https://nexus.core.cvent.org/nexus/repository/npm-public/nodemailer/-/nodemailer-6.6.3.tgz",
      "integrity": "sha512-faZFufgTMrphYoDjvyVpbpJcYzwyFnbAMmQtj1lVBYAUSm3SOy2fIdd9+Mr4UxPosBa0JRw9bJoIwQn+nswiew=="
    },
    "oauth": {
      "version": "0.9.15",
      "resolved": "https://nexus.core.cvent.org/nexus/repository/npm-public/oauth/-/oauth-0.9.15.tgz",
      "integrity": "sha1-vR/vr2hslrdUda7VGWQS/2DPucE="
    },
    "object-assign": {
      "version": "4.1.1",
      "resolved": "https://nexus.core.cvent.org/nexus/repository/npm-public/object-assign/-/object-assign-4.1.1.tgz",
      "integrity": "sha1-IQmtx5ZYh8/AXLvUQsrIv7s2CGM="
    },
    "once": {
      "version": "1.4.0",
      "resolved": "https://nexus.core.cvent.org/nexus/repository/npm-public/once/-/once-1.4.0.tgz",
      "integrity": "sha1-WDsap3WWHUsROsF9nFC6753Xa9E=",
      "requires": {
        "wrappy": "1"
      }
    },
    "parent-require": {
      "version": "1.0.0",
      "resolved": "https://nexus.core.cvent.org/nexus/repository/npm-public/parent-require/-/parent-require-1.0.0.tgz",
      "integrity": "sha1-dGoWdjgIOoYLDu9nMssn7UbDKXc="
    },
    "parse5": {
      "version": "5.1.1",
      "resolved": "https://nexus.core.cvent.org/nexus/repository/npm-public/parse5/-/parse5-5.1.1.tgz",
      "integrity": "sha512-ugq4DFI0Ptb+WWjAdOK16+u/nHfiIrcE+sh8kZMaM0WllQKLI9rOUq6c2b7cwPkXdzfQESqvoqK6ug7U/Yyzug=="
    },
    "parse5-htmlparser2-tree-adapter": {
      "version": "6.0.1",
      "resolved": "https://nexus.core.cvent.org/nexus/repository/npm-public/parse5-htmlparser2-tree-adapter/-/parse5-htmlparser2-tree-adapter-6.0.1.tgz",
      "integrity": "sha512-qPuWvbLgvDGilKc5BoicRovlT4MtYT6JfJyBOMDsKoiT+GiuP5qyrPCnR9HcPECIJJmZh5jRndyNThnhhb/vlA==",
      "requires": {
        "parse5": "^6.0.1"
      },
      "dependencies": {
        "parse5": {
          "version": "6.0.1",
          "resolved": "https://nexus.core.cvent.org/nexus/repository/npm-public/parse5/-/parse5-6.0.1.tgz",
          "integrity": "sha512-Ofn/CTFzRGTTxwpNEs9PP93gXShHcTq255nzRYSKe8AkVpZY7e1fpmTfOyoIvjP5HG7Z2ZM7VS9PPhQGW2pOpw=="
        }
      }
    },
    "path-is-absolute": {
      "version": "1.0.1",
      "resolved": "https://nexus.core.cvent.org/nexus/repository/npm-public/path-is-absolute/-/path-is-absolute-1.0.1.tgz",
      "integrity": "sha1-F0uSaHNVNP+8es5r9TpanhtcX18="
    },
    "pkce-challenge": {
      "version": "2.2.0",
      "resolved": "https://nexus.core.cvent.org/nexus/repository/npm-public/pkce-challenge/-/pkce-challenge-2.2.0.tgz",
      "integrity": "sha512-Ly0Y0OwhtG2N1ynk5ruqoyJxkrWhAPmvdRk0teiLh9Dp2+J4URKpv1JSKWD0j1Sd+QCeiwO9lTl0EjmrB2jWeA=="
    },
    "preact": {
      "version": "10.5.14",
      "resolved": "https://nexus.core.cvent.org/nexus/repository/npm-public/preact/-/preact-10.5.14.tgz",
      "integrity": "sha512-KojoltCrshZ099ksUZ2OQKfbH66uquFoxHSbnwKbTJHeQNvx42EmC7wQVWNuDt6vC5s3nudRHFtKbpY4ijKlaQ=="
    },
    "preact-render-to-string": {
      "version": "5.1.19",
      "resolved": "https://nexus.core.cvent.org/nexus/repository/npm-public/preact-render-to-string/-/preact-render-to-string-5.1.19.tgz",
      "integrity": "sha512-bj8sn/oytIKO6RtOGSS/1+5CrQyRSC99eLUnEVbqUa6MzJX5dYh7wu9bmT0d6lm/Vea21k9KhCQwvr2sYN3rrQ==",
      "requires": {
        "pretty-format": "^3.8.0"
      }
    },
    "pretty-format": {
      "version": "3.8.0",
      "resolved": "https://nexus.core.cvent.org/nexus/repository/npm-public/pretty-format/-/pretty-format-3.8.0.tgz",
      "integrity": "sha1-v77VbV6ad2ZF9LH/eqGjrE+jw4U="
    },
    "querystring": {
      "version": "0.2.1",
      "resolved": "https://nexus.core.cvent.org/nexus/repository/npm-public/querystring/-/querystring-0.2.1.tgz",
      "integrity": "sha512-wkvS7mL/JMugcup3/rMitHmd9ecIGd2lhFhK9N3UUQ450h66d1r3Y9nvXzQAW1Lq+wyx61k/1pfKS5KuKiyEbg=="
    },
    "reflect-metadata": {
      "version": "0.1.13",
      "resolved": "https://nexus.core.cvent.org/nexus/repository/npm-public/reflect-metadata/-/reflect-metadata-0.1.13.tgz",
      "integrity": "sha512-Ts1Y/anZELhSsjMcU605fU9RE4Oi3p5ORujwbIKXfWa+0Zxs510Qrmrce5/Jowq3cHSZSJqBjypxmHarc+vEWg=="
    },
    "regenerator-runtime": {
      "version": "0.13.9",
      "resolved": "https://nexus.core.cvent.org/nexus/repository/npm-public/regenerator-runtime/-/regenerator-runtime-0.13.9.tgz",
      "integrity": "sha512-p3VT+cOEgxFsRRA9X4lkI1E+k2/CtnKtU4gcxyaCUreilL/vqI6CdZ3wxVUx3UOUg+gnUOQQcRI7BmSI656MYA=="
    },
    "require-directory": {
      "version": "2.1.1",
      "resolved": "https://nexus.core.cvent.org/nexus/repository/npm-public/require-directory/-/require-directory-2.1.1.tgz",
      "integrity": "sha1-jGStX9MNqxyXbiNE/+f3kqam30I="
    },
    "require_optional": {
      "version": "1.0.1",
      "resolved": "https://nexus.core.cvent.org/nexus/repository/npm-public/require_optional/-/require_optional-1.0.1.tgz",
      "integrity": "sha512-qhM/y57enGWHAe3v/NcwML6a3/vfESLe/sGM2dII+gEO0BpKRUkWZow/tyloNqJyN6kXSl3RyyM8Ll5D/sJP8g==",
      "requires": {
        "resolve-from": "^2.0.0",
        "semver": "^5.1.0"
      }
    },
    "resolve-from": {
      "version": "2.0.0",
      "resolved": "https://nexus.core.cvent.org/nexus/repository/npm-public/resolve-from/-/resolve-from-2.0.0.tgz",
      "integrity": "sha1-lICrIOlP+h2egKgEx+oUdhGWa1c="
    },
    "safe-buffer": {
      "version": "5.2.1",
      "resolved": "https://nexus.core.cvent.org/nexus/repository/npm-public/safe-buffer/-/safe-buffer-5.2.1.tgz",
      "integrity": "sha512-rp3So07KcdmmKbGvgaNxQSJr7bGVSVk5S9Eq1F+ppbRo70+YeaDxkw5Dd8NPN+GD6bjnYm2VuPuCXmpuYvmCXQ=="
    },
    "sax": {
      "version": "1.2.4",
      "resolved": "https://nexus.core.cvent.org/nexus/repository/npm-public/sax/-/sax-1.2.4.tgz",
      "integrity": "sha512-NqVDv9TpANUjFm0N8uM5GxL36UgKi9/atZw+x7YFnQ8ckwFGKrl4xX4yWtrey3UJm5nP1kUbnYgLopqWNSRhWw=="
    },
    "semver": {
      "version": "5.7.1",
      "resolved": "https://nexus.core.cvent.org/nexus/repository/npm-public/semver/-/semver-5.7.1.tgz",
      "integrity": "sha512-sauaDf/PZdVgrLTNYHRtpXa1iRiKcaebiKQ1BJdpQlWH2lCvexQdX55snPFyK7QzpudqbCI0qXFfOasHdyNDGQ=="
    },
    "sha.js": {
      "version": "2.4.11",
      "resolved": "https://nexus.core.cvent.org/nexus/repository/npm-public/sha.js/-/sha.js-2.4.11.tgz",
      "integrity": "sha512-QMEp5B7cftE7APOjk5Y6xgrbWu+WkLVQwk8JNjZ8nKRciZaByEW6MubieAiToS7+dwvrjGhH8jRXz3MVd0AYqQ==",
      "requires": {
        "inherits": "^2.0.1",
        "safe-buffer": "^5.0.1"
      }
    },
    "string-width": {
      "version": "4.2.2",
      "resolved": "https://nexus.core.cvent.org/nexus/repository/npm-public/string-width/-/string-width-4.2.2.tgz",
      "integrity": "sha512-XBJbT3N4JhVumXE0eoLU9DCjcaF92KLNqTmFCnG1pf8duUxFGwtP6AD6nkjw9a3IdiRtL3E2w3JDiE/xi3vOeA==",
      "requires": {
        "emoji-regex": "^8.0.0",
        "is-fullwidth-code-point": "^3.0.0",
        "strip-ansi": "^6.0.0"
      }
    },
    "strip-ansi": {
      "version": "6.0.0",
      "resolved": "https://nexus.core.cvent.org/nexus/repository/npm-public/strip-ansi/-/strip-ansi-6.0.0.tgz",
      "integrity": "sha512-AuvKTrTfQNYNIctbR1K/YGTR1756GycPsg7b9bdV9Duqur4gv6aKqHXah67Z8ImS7WEz5QVcOtlfW2rZEugt6w==",
      "requires": {
        "ansi-regex": "^5.0.0"
      }
    },
    "supports-color": {
      "version": "7.2.0",
      "resolved": "https://nexus.core.cvent.org/nexus/repository/npm-public/supports-color/-/supports-color-7.2.0.tgz",
      "integrity": "sha512-qpCAvRl9stuOHveKsn7HncJRvv501qIacKzQlO/+Lwxc9+0q2wLyv4Dfvt80/DPn2pqOBsJdDiogXGR9+OvwRw==",
      "requires": {
        "has-flag": "^4.0.0"
      }
    },
    "thenify": {
      "version": "3.3.1",
      "resolved": "https://nexus.core.cvent.org/nexus/repository/npm-public/thenify/-/thenify-3.3.1.tgz",
      "integrity": "sha512-RVZSIV5IG10Hk3enotrhvz0T9em6cyHBLkH/YAZuKqd8hRkKhSfCGIcP2KUY0EPxndzANBmNllzWPwak+bheSw==",
      "requires": {
        "any-promise": "^1.0.0"
      }
    },
    "thenify-all": {
      "version": "1.6.0",
      "resolved": "https://nexus.core.cvent.org/nexus/repository/npm-public/thenify-all/-/thenify-all-1.6.0.tgz",
      "integrity": "sha1-GhkY1ALY/D+Y+/I02wvMjMEOlyY=",
      "requires": {
        "thenify": ">= 3.1.0 < 4"
      }
    },
    "tslib": {
      "version": "2.3.1",
      "resolved": "https://nexus.core.cvent.org/nexus/repository/npm-public/tslib/-/tslib-2.3.1.tgz",
      "integrity": "sha512-77EbyPPpMz+FRFRuAFlWMtmgUWGe9UOG2Z25NqCwiIjRhOf5iKGuzSe5P2w1laq+FkRy4p+PCuVkJSGkzTEKVw=="
    },
    "typeorm": {
      "version": "0.2.37",
      "resolved": "https://nexus.core.cvent.org/nexus/repository/npm-public/typeorm/-/typeorm-0.2.37.tgz",
      "integrity": "sha512-7rkW0yCgFC24I5T0f3S/twmLSuccPh1SQmxET/oDWn2sSDVzbyWdnItSdKy27CdJGTlKHYtUVeOcMYw5LRsXVw==",
      "requires": {
        "@sqltools/formatter": "^1.2.2",
        "app-root-path": "^3.0.0",
        "buffer": "^6.0.3",
        "chalk": "^4.1.0",
        "cli-highlight": "^2.1.11",
        "debug": "^4.3.1",
        "dotenv": "^8.2.0",
        "glob": "^7.1.6",
        "js-yaml": "^4.0.0",
        "mkdirp": "^1.0.4",
        "reflect-metadata": "^0.1.13",
        "sha.js": "^2.4.11",
        "tslib": "^2.1.0",
        "xml2js": "^0.4.23",
        "yargonaut": "^1.1.4",
        "yargs": "^17.0.1",
        "zen-observable-ts": "^1.0.0"
      }
    },
    "wrap-ansi": {
      "version": "7.0.0",
      "resolved": "https://nexus.core.cvent.org/nexus/repository/npm-public/wrap-ansi/-/wrap-ansi-7.0.0.tgz",
      "integrity": "sha512-YVGIj2kamLSTxw6NsZjoBxfSwsn0ycdesmc4p+Q21c5zPuZ1pl+NfxVdxPtdHvmNVOQ6XSYG4AUtyt/Fi7D16Q==",
      "requires": {
        "ansi-styles": "^4.0.0",
        "string-width": "^4.1.0",
        "strip-ansi": "^6.0.0"
      }
    },
    "wrappy": {
      "version": "1.0.2",
      "resolved": "https://nexus.core.cvent.org/nexus/repository/npm-public/wrappy/-/wrappy-1.0.2.tgz",
      "integrity": "sha1-tSQ9jz7BqjXxNkYFvA0QNuMKtp8="
    },
    "xml2js": {
      "version": "0.4.23",
      "resolved": "https://nexus.core.cvent.org/nexus/repository/npm-public/xml2js/-/xml2js-0.4.23.tgz",
      "integrity": "sha512-ySPiMjM0+pLDftHgXY4By0uswI3SPKLDw/i3UXbnO8M/p28zqexCUoPmQFrYD+/1BzhGJSs2i1ERWKJAtiLrug==",
      "requires": {
        "sax": ">=0.6.0",
        "xmlbuilder": "~11.0.0"
      }
    },
    "xmlbuilder": {
      "version": "11.0.1",
      "resolved": "https://nexus.core.cvent.org/nexus/repository/npm-public/xmlbuilder/-/xmlbuilder-11.0.1.tgz",
      "integrity": "sha512-fDlsI/kFEx7gLvbecc0/ohLG50fugQp8ryHzMTuW9vSa1GJ0XYWKnhsUx7oie3G98+r56aTQIUB4kht42R3JvA=="
    },
    "y18n": {
      "version": "5.0.8",
      "resolved": "https://nexus.core.cvent.org/nexus/repository/npm-public/y18n/-/y18n-5.0.8.tgz",
      "integrity": "sha512-0pfFzegeDWJHJIAmTLRP2DwHjdF5s7jo9tuztdQxAhINCdvS+3nGINqPd00AphqJR/0LhANUS6/+7SCb98YOfA=="
    },
    "yargonaut": {
      "version": "1.1.4",
      "resolved": "https://nexus.core.cvent.org/nexus/repository/npm-public/yargonaut/-/yargonaut-1.1.4.tgz",
      "integrity": "sha512-rHgFmbgXAAzl+1nngqOcwEljqHGG9uUZoPjsdZEs1w5JW9RXYzrSvH/u70C1JE5qFi0qjsdhnUX/dJRpWqitSA==",
      "requires": {
        "chalk": "^1.1.1",
        "figlet": "^1.1.1",
        "parent-require": "^1.0.0"
      },
      "dependencies": {
        "ansi-regex": {
          "version": "2.1.1",
          "resolved": "https://nexus.core.cvent.org/nexus/repository/npm-public/ansi-regex/-/ansi-regex-2.1.1.tgz",
          "integrity": "sha1-w7M6te42DYbg5ijwRorn7yfWVN8="
        },
        "ansi-styles": {
          "version": "2.2.1",
          "resolved": "https://nexus.core.cvent.org/nexus/repository/npm-public/ansi-styles/-/ansi-styles-2.2.1.tgz",
          "integrity": "sha1-tDLdM1i2NM914eRmQ2gkBTPB3b4="
        },
        "chalk": {
          "version": "1.1.3",
          "resolved": "https://nexus.core.cvent.org/nexus/repository/npm-public/chalk/-/chalk-1.1.3.tgz",
          "integrity": "sha1-qBFcVeSnAv5NFQq9OHKCKn4J/Jg=",
          "requires": {
            "ansi-styles": "^2.2.1",
            "escape-string-regexp": "^1.0.2",
            "has-ansi": "^2.0.0",
            "strip-ansi": "^3.0.0",
            "supports-color": "^2.0.0"
          }
        },
        "strip-ansi": {
          "version": "3.0.1",
          "resolved": "https://nexus.core.cvent.org/nexus/repository/npm-public/strip-ansi/-/strip-ansi-3.0.1.tgz",
          "integrity": "sha1-ajhfuIU9lS1f8F0Oiq+UJ43GPc8=",
          "requires": {
            "ansi-regex": "^2.0.0"
          }
        },
        "supports-color": {
          "version": "2.0.0",
          "resolved": "https://nexus.core.cvent.org/nexus/repository/npm-public/supports-color/-/supports-color-2.0.0.tgz",
          "integrity": "sha1-U10EXOa2Nj+kARcIRimZXp3zJMc="
        }
      }
    },
    "yargs": {
      "version": "17.1.1",
      "resolved": "https://nexus.core.cvent.org/nexus/repository/npm-public/yargs/-/yargs-17.1.1.tgz",
      "integrity": "sha512-c2k48R0PwKIqKhPMWjeiF6y2xY/gPMUlro0sgxqXpbOIohWiLNXWslsootttv7E1e73QPAMQSg5FeySbVcpsPQ==",
      "requires": {
        "cliui": "^7.0.2",
        "escalade": "^3.1.1",
        "get-caller-file": "^2.0.5",
        "require-directory": "^2.1.1",
        "string-width": "^4.2.0",
        "y18n": "^5.0.5",
        "yargs-parser": "^20.2.2"
      }
    },
    "yargs-parser": {
      "version": "20.2.9",
      "resolved": "https://nexus.core.cvent.org/nexus/repository/npm-public/yargs-parser/-/yargs-parser-20.2.9.tgz",
      "integrity": "sha512-y11nGElTIV+CT3Zv9t7VKl+Q3hTQoT9a1Qzezhhl6Rp21gJ/IVTW7Z3y9EWXhuUBC2Shnf+DX0antecpAwSP8w=="
    },
    "zen-observable": {
      "version": "0.8.15",
      "resolved": "https://nexus.core.cvent.org/nexus/repository/npm-public/zen-observable/-/zen-observable-0.8.15.tgz",
      "integrity": "sha512-PQ2PC7R9rslx84ndNBZB/Dkv8V8fZEpk83RLgXtYd0fwUgEjseMn1Dgajh2x6S8QbZAFa9p2qVCEuYZNgve0dQ=="
    },
    "zen-observable-ts": {
      "version": "1.1.0",
      "resolved": "https://nexus.core.cvent.org/nexus/repository/npm-public/zen-observable-ts/-/zen-observable-ts-1.1.0.tgz",
      "integrity": "sha512-1h4zlLSqI2cRLPJUHJFL8bCWHhkpuXkF+dbGkRaWjgDIG26DmzyshUMrdV/rL3UnR+mhaX4fRq8LPouq0MYYIA==",
      "requires": {
        "@types/zen-observable": "0.8.3",
        "zen-observable": "0.8.15"
      }
    }
  }
}
